// !$*UTF8*$!
{
	archiveVersion = 1;
	classes = {
	};
	objectVersion = 46;
	objects = {

/* Begin PBXBuildFile section */
		980167811B43A1110016721A /* NextBusTableViewCell.swift in Sources */ = {isa = PBXBuildFile; fileRef = 980167801B43A1110016721A /* NextBusTableViewCell.swift */; };
		980167831B43A1350016721A /* BusStopDetailViewController.swift in Sources */ = {isa = PBXBuildFile; fileRef = 980167821B43A1350016721A /* BusStopDetailViewController.swift */; };
		980167871B43A46D0016721A /* BusApiHelper.swift in Sources */ = {isa = PBXBuildFile; fileRef = 980167861B43A46D0016721A /* BusApiHelper.swift */; };
		984204B11B612E2800CB2743 /* JuliusSansOne-Regular.ttf in Resources */ = {isa = PBXBuildFile; fileRef = 984204B01B612E2800CB2743 /* JuliusSansOne-Regular.ttf */; };
		984204B31B612FB700CB2743 /* AppUtilities.swift in Sources */ = {isa = PBXBuildFile; fileRef = 984204B21B612FB700CB2743 /* AppUtilities.swift */; };
		984204B51B61319400CB2743 /* OpenSans-Light.ttf in Resources */ = {isa = PBXBuildFile; fileRef = 984204B41B61319400CB2743 /* OpenSans-Light.ttf */; };
		984204B71B61453000CB2743 /* AboutViewController.swift in Sources */ = {isa = PBXBuildFile; fileRef = 984204B61B61453000CB2743 /* AboutViewController.swift */; };
		985E62491B6FA914007AA967 /* String+Utilities.swift in Sources */ = {isa = PBXBuildFile; fileRef = 985E62481B6FA914007AA967 /* String+Utilities.swift */; };
		9876F1941B50C93E00DCA1DD /* M13ProgressView.m in Sources */ = {isa = PBXBuildFile; fileRef = 9876F1911B50C93E00DCA1DD /* M13ProgressView.m */; };
		9876F1951B50C93E00DCA1DD /* M13ProgressViewRing.m in Sources */ = {isa = PBXBuildFile; fileRef = 9876F1931B50C93E00DCA1DD /* M13ProgressViewRing.m */; };
		989A66AE1B7CEF6E00E5CF2C /* NSDate+Comparsion.swift in Sources */ = {isa = PBXBuildFile; fileRef = 989A66AD1B7CEF6E00E5CF2C /* NSDate+Comparsion.swift */; };
		98A90C951B3C4377004FB118 /* AppDelegate.swift in Sources */ = {isa = PBXBuildFile; fileRef = 98A90C941B3C4377004FB118 /* AppDelegate.swift */; };
		98A90C9A1B3C4378004FB118 /* Main.storyboard in Resources */ = {isa = PBXBuildFile; fileRef = 98A90C981B3C4378004FB118 /* Main.storyboard */; };
		98A90C9C1B3C4378004FB118 /* Images.xcassets in Resources */ = {isa = PBXBuildFile; fileRef = 98A90C9B1B3C4378004FB118 /* Images.xcassets */; };
		98A90C9F1B3C4378004FB118 /* LaunchScreen.xib in Resources */ = {isa = PBXBuildFile; fileRef = 98A90C9D1B3C4378004FB118 /* LaunchScreen.xib */; };
		98A90CAB1B3C4378004FB118 /* Bus_NUSTests.swift in Sources */ = {isa = PBXBuildFile; fileRef = 98A90CAA1B3C4378004FB118 /* Bus_NUSTests.swift */; };
		98A90CBD1B3C4469004FB118 /* BusExplorerViewController.swift in Sources */ = {isa = PBXBuildFile; fileRef = 98A90CBC1B3C4469004FB118 /* BusExplorerViewController.swift */; };
		98A90CBF1B3C44B3004FB118 /* BusStopTableViewCell.swift in Sources */ = {isa = PBXBuildFile; fileRef = 98A90CBE1B3C44B3004FB118 /* BusStopTableViewCell.swift */; };
		98D89E431B4448150058EECB /* Bus@NUS.xcdatamodeld in Sources */ = {isa = PBXBuildFile; fileRef = 98D89E411B4448150058EECB /* Bus@NUS.xcdatamodeld */; };
		98D89E451B444E870058EECB /* Bus.swift in Sources */ = {isa = PBXBuildFile; fileRef = 98D89E441B444E870058EECB /* Bus.swift */; };
		98D89E4B1B4462520058EECB /* BusStop.swift in Sources */ = {isa = PBXBuildFile; fileRef = 98D89E4A1B4462520058EECB /* BusStop.swift */; };
		98D89E511B44E3970058EECB /* busSeed.json in Resources */ = {isa = PBXBuildFile; fileRef = 98D89E501B44E3970058EECB /* busSeed.json */; };
		98D89E551B4595050058EECB /* BusVo.swift in Sources */ = {isa = PBXBuildFile; fileRef = 98D89E541B4595050058EECB /* BusVo.swift */; };
		E3346792CE3F44576655C9A6 /* Pods.framework in Frameworks */ = {isa = PBXBuildFile; fileRef = 5A40CC7FEA9C76EB2A85E1FB /* Pods.framework */; settings = {ATTRIBUTES = (Weak, ); }; };
/* End PBXBuildFile section */

/* Begin PBXContainerItemProxy section */
		98A90CA51B3C4378004FB118 /* PBXContainerItemProxy */ = {
			isa = PBXContainerItemProxy;
			containerPortal = 98A90C871B3C4377004FB118 /* Project object */;
			proxyType = 1;
			remoteGlobalIDString = 98A90C8E1B3C4377004FB118;
			remoteInfo = "Bus@NUS";
		};
/* End PBXContainerItemProxy section */

/* Begin PBXFileReference section */
		5A40CC7FEA9C76EB2A85E1FB /* Pods.framework */ = {isa = PBXFileReference; explicitFileType = wrapper.framework; includeInIndex = 0; path = Pods.framework; sourceTree = BUILT_PRODUCTS_DIR; };
		5AF00B660AA34A6A6556520F /* Pods.debug.xcconfig */ = {isa = PBXFileReference; includeInIndex = 1; lastKnownFileType = text.xcconfig; name = Pods.debug.xcconfig; path = "Pods/Target Support Files/Pods/Pods.debug.xcconfig"; sourceTree = "<group>"; };
		9276C509A58297E393349A5F /* Pods.release.xcconfig */ = {isa = PBXFileReference; includeInIndex = 1; lastKnownFileType = text.xcconfig; name = Pods.release.xcconfig; path = "Pods/Target Support Files/Pods/Pods.release.xcconfig"; sourceTree = "<group>"; };
		980167801B43A1110016721A /* NextBusTableViewCell.swift */ = {isa = PBXFileReference; fileEncoding = 4; lastKnownFileType = sourcecode.swift; path = NextBusTableViewCell.swift; sourceTree = "<group>"; };
		980167821B43A1350016721A /* BusStopDetailViewController.swift */ = {isa = PBXFileReference; fileEncoding = 4; lastKnownFileType = sourcecode.swift; path = BusStopDetailViewController.swift; sourceTree = "<group>"; };
		980167841B43A3FA0016721A /* Alamofire.framework */ = {isa = PBXFileReference; lastKnownFileType = wrapper.framework; name = Alamofire.framework; path = "Pods/../build/Debug-iphoneos/Pods/Alamofire.framework"; sourceTree = "<group>"; };
		980167861B43A46D0016721A /* BusApiHelper.swift */ = {isa = PBXFileReference; fileEncoding = 4; lastKnownFileType = sourcecode.swift; path = BusApiHelper.swift; sourceTree = "<group>"; };
		984204B01B612E2800CB2743 /* JuliusSansOne-Regular.ttf */ = {isa = PBXFileReference; lastKnownFileType = file; name = "JuliusSansOne-Regular.ttf"; path = "Font/JuliusSansOne-Regular.ttf"; sourceTree = "<group>"; };
		984204B21B612FB700CB2743 /* AppUtilities.swift */ = {isa = PBXFileReference; fileEncoding = 4; lastKnownFileType = sourcecode.swift; path = AppUtilities.swift; sourceTree = "<group>"; };
		984204B41B61319400CB2743 /* OpenSans-Light.ttf */ = {isa = PBXFileReference; lastKnownFileType = file; name = "OpenSans-Light.ttf"; path = "Font/OpenSans-Light.ttf"; sourceTree = "<group>"; };
		984204B61B61453000CB2743 /* AboutViewController.swift */ = {isa = PBXFileReference; fileEncoding = 4; lastKnownFileType = sourcecode.swift; path = AboutViewController.swift; sourceTree = "<group>"; };
		985E62481B6FA914007AA967 /* String+Utilities.swift */ = {isa = PBXFileReference; fileEncoding = 4; lastKnownFileType = sourcecode.swift; path = "String+Utilities.swift"; sourceTree = "<group>"; };
		9876F18F1B50C93E00DCA1DD /* Bus@NUS-Bridging-Header.h */ = {isa = PBXFileReference; lastKnownFileType = sourcecode.c.h; path = "Bus@NUS-Bridging-Header.h"; sourceTree = "<group>"; };
		9876F1901B50C93E00DCA1DD /* M13ProgressView.h */ = {isa = PBXFileReference; fileEncoding = 4; lastKnownFileType = sourcecode.c.h; name = M13ProgressView.h; path = Lib/M13ProgressView/M13ProgressView.h; sourceTree = "<group>"; };
		9876F1911B50C93E00DCA1DD /* M13ProgressView.m */ = {isa = PBXFileReference; fileEncoding = 4; lastKnownFileType = sourcecode.c.objc; name = M13ProgressView.m; path = Lib/M13ProgressView/M13ProgressView.m; sourceTree = "<group>"; };
		9876F1921B50C93E00DCA1DD /* M13ProgressViewRing.h */ = {isa = PBXFileReference; fileEncoding = 4; lastKnownFileType = sourcecode.c.h; name = M13ProgressViewRing.h; path = Lib/M13ProgressView/M13ProgressViewRing.h; sourceTree = "<group>"; };
		9876F1931B50C93E00DCA1DD /* M13ProgressViewRing.m */ = {isa = PBXFileReference; fileEncoding = 4; lastKnownFileType = sourcecode.c.objc; name = M13ProgressViewRing.m; path = Lib/M13ProgressView/M13ProgressViewRing.m; sourceTree = "<group>"; };
		989A66AD1B7CEF6E00E5CF2C /* NSDate+Comparsion.swift */ = {isa = PBXFileReference; fileEncoding = 4; lastKnownFileType = sourcecode.swift; path = "NSDate+Comparsion.swift"; sourceTree = "<group>"; };
		98A90C8F1B3C4377004FB118 /* Bus@NUS.app */ = {isa = PBXFileReference; explicitFileType = wrapper.application; includeInIndex = 0; path = "Bus@NUS.app"; sourceTree = BUILT_PRODUCTS_DIR; };
		98A90C931B3C4377004FB118 /* Info.plist */ = {isa = PBXFileReference; lastKnownFileType = text.plist.xml; path = Info.plist; sourceTree = "<group>"; };
		98A90C941B3C4377004FB118 /* AppDelegate.swift */ = {isa = PBXFileReference; lastKnownFileType = sourcecode.swift; path = AppDelegate.swift; sourceTree = "<group>"; };
		98A90C991B3C4378004FB118 /* Base */ = {isa = PBXFileReference; lastKnownFileType = file.storyboard; name = Base; path = Base.lproj/Main.storyboard; sourceTree = "<group>"; };
		98A90C9B1B3C4378004FB118 /* Images.xcassets */ = {isa = PBXFileReference; lastKnownFileType = folder.assetcatalog; path = Images.xcassets; sourceTree = "<group>"; };
		98A90C9E1B3C4378004FB118 /* Base */ = {isa = PBXFileReference; lastKnownFileType = file.xib; name = Base; path = Base.lproj/LaunchScreen.xib; sourceTree = "<group>"; };
		98A90CA41B3C4378004FB118 /* Bus@NUSTests.xctest */ = {isa = PBXFileReference; explicitFileType = wrapper.cfbundle; includeInIndex = 0; path = "Bus@NUSTests.xctest"; sourceTree = BUILT_PRODUCTS_DIR; };
		98A90CA91B3C4378004FB118 /* Info.plist */ = {isa = PBXFileReference; lastKnownFileType = text.plist.xml; path = Info.plist; sourceTree = "<group>"; };
		98A90CAA1B3C4378004FB118 /* Bus_NUSTests.swift */ = {isa = PBXFileReference; lastKnownFileType = sourcecode.swift; path = Bus_NUSTests.swift; sourceTree = "<group>"; };
		98A90CBC1B3C4469004FB118 /* BusExplorerViewController.swift */ = {isa = PBXFileReference; fileEncoding = 4; lastKnownFileType = sourcecode.swift; path = BusExplorerViewController.swift; sourceTree = "<group>"; };
		98A90CBE1B3C44B3004FB118 /* BusStopTableViewCell.swift */ = {isa = PBXFileReference; fileEncoding = 4; lastKnownFileType = sourcecode.swift; path = BusStopTableViewCell.swift; sourceTree = "<group>"; };
		98D89E421B4448150058EECB /* Bus@NUS.xcdatamodel */ = {isa = PBXFileReference; lastKnownFileType = wrapper.xcdatamodel; path = "Bus@NUS.xcdatamodel"; sourceTree = "<group>"; };
		98D89E441B444E870058EECB /* Bus.swift */ = {isa = PBXFileReference; fileEncoding = 4; lastKnownFileType = sourcecode.swift; name = Bus.swift; path = coreData/Bus.swift; sourceTree = "<group>"; };
		98D89E4A1B4462520058EECB /* BusStop.swift */ = {isa = PBXFileReference; fileEncoding = 4; lastKnownFileType = sourcecode.swift; name = BusStop.swift; path = coreData/BusStop.swift; sourceTree = "<group>"; };
		98D89E501B44E3970058EECB /* busSeed.json */ = {isa = PBXFileReference; fileEncoding = 4; lastKnownFileType = text.json; path = busSeed.json; sourceTree = "<group>"; };
		98D89E541B4595050058EECB /* BusVo.swift */ = {isa = PBXFileReference; fileEncoding = 4; lastKnownFileType = sourcecode.swift; path = BusVo.swift; sourceTree = "<group>"; };
/* End PBXFileReference section */

/* Begin PBXFrameworksBuildPhase section */
		98A90C8C1B3C4377004FB118 /* Frameworks */ = {
			isa = PBXFrameworksBuildPhase;
			buildActionMask = 2147483647;
			files = (
				E3346792CE3F44576655C9A6 /* Pods.framework in Frameworks */,
			);
			runOnlyForDeploymentPostprocessing = 0;
		};
		98A90CA11B3C4378004FB118 /* Frameworks */ = {
			isa = PBXFrameworksBuildPhase;
			buildActionMask = 2147483647;
			files = (
			);
			runOnlyForDeploymentPostprocessing = 0;
		};
/* End PBXFrameworksBuildPhase section */

/* Begin PBXGroup section */
		0344D11AF6F145BB83693703 /* Frameworks */ = {
			isa = PBXGroup;
			children = (
				980167841B43A3FA0016721A /* Alamofire.framework */,
				5A40CC7FEA9C76EB2A85E1FB /* Pods.framework */,
			);
			name = Frameworks;
			sourceTree = "<group>";
		};
		984204AB1B612DF000CB2743 /* Font */ = {
			isa = PBXGroup;
			children = (
				984204B41B61319400CB2743 /* OpenSans-Light.ttf */,
				984204B01B612E2800CB2743 /* JuliusSansOne-Regular.ttf */,
			);
			name = Font;
			sourceTree = "<group>";
		};
		9876F18D1B50C8B500DCA1DD /* Lib */ = {
			isa = PBXGroup;
			children = (
				9876F18E1B50C8BF00DCA1DD /* M13ProgressView */,
			);
			name = Lib;
			sourceTree = "<group>";
		};
		9876F18E1B50C8BF00DCA1DD /* M13ProgressView */ = {
			isa = PBXGroup;
			children = (
				9876F1901B50C93E00DCA1DD /* M13ProgressView.h */,
				9876F1911B50C93E00DCA1DD /* M13ProgressView.m */,
				9876F1921B50C93E00DCA1DD /* M13ProgressViewRing.h */,
				9876F1931B50C93E00DCA1DD /* M13ProgressViewRing.m */,
			);
			name = M13ProgressView;
			sourceTree = "<group>";
		};
		98A90C861B3C4377004FB118 = {
			isa = PBXGroup;
			children = (
				98A90C911B3C4377004FB118 /* Bus@NUS */,
				98A90CA71B3C4378004FB118 /* Bus@NUSTests */,
				98A90C901B3C4377004FB118 /* Products */,
				ABBB8B3B8C64C94894F9DCC9 /* Pods */,
				0344D11AF6F145BB83693703 /* Frameworks */,
			);
			sourceTree = "<group>";
		};
		98A90C901B3C4377004FB118 /* Products */ = {
			isa = PBXGroup;
			children = (
				98A90C8F1B3C4377004FB118 /* Bus@NUS.app */,
				98A90CA41B3C4378004FB118 /* Bus@NUSTests.xctest */,
			);
			name = Products;
			sourceTree = "<group>";
		};
		98A90C911B3C4377004FB118 /* Bus@NUS */ = {
			isa = PBXGroup;
			children = (
				9876F18D1B50C8B500DCA1DD /* Lib */,
				98A90CBB1B3C4417004FB118 /* Util */,
				98A90CB41B3C43D8004FB118 /* Controller */,
				98A90CB51B3C43D8004FB118 /* Model */,
				98A90CB61B3C43D8004FB118 /* View */,
				98A90C921B3C4377004FB118 /* Supporting Files */,
			);
			path = "Bus@NUS";
			sourceTree = "<group>";
		};
		98A90C921B3C4377004FB118 /* Supporting Files */ = {
			isa = PBXGroup;
			children = (
				984204AB1B612DF000CB2743 /* Font */,
				9876F18F1B50C93E00DCA1DD /* Bus@NUS-Bridging-Header.h */,
				98D89E501B44E3970058EECB /* busSeed.json */,
				98A90C941B3C4377004FB118 /* AppDelegate.swift */,
				98D89E411B4448150058EECB /* Bus@NUS.xcdatamodeld */,
				98A90C981B3C4378004FB118 /* Main.storyboard */,
				98A90C9B1B3C4378004FB118 /* Images.xcassets */,
				98A90C9D1B3C4378004FB118 /* LaunchScreen.xib */,
				98A90C931B3C4377004FB118 /* Info.plist */,
			);
			name = "Supporting Files";
			sourceTree = "<group>";
		};
		98A90CA71B3C4378004FB118 /* Bus@NUSTests */ = {
			isa = PBXGroup;
			children = (
				98A90CAA1B3C4378004FB118 /* Bus_NUSTests.swift */,
				98A90CA81B3C4378004FB118 /* Supporting Files */,
			);
			path = "Bus@NUSTests";
			sourceTree = "<group>";
		};
		98A90CA81B3C4378004FB118 /* Supporting Files */ = {
			isa = PBXGroup;
			children = (
				98A90CA91B3C4378004FB118 /* Info.plist */,
			);
			name = "Supporting Files";
			sourceTree = "<group>";
		};
		98A90CB41B3C43D8004FB118 /* Controller */ = {
			isa = PBXGroup;
			children = (
				98A90CBC1B3C4469004FB118 /* BusExplorerViewController.swift */,
				984204B61B61453000CB2743 /* AboutViewController.swift */,
				980167821B43A1350016721A /* BusStopDetailViewController.swift */,
			);
			path = Controller;
			sourceTree = "<group>";
		};
		98A90CB51B3C43D8004FB118 /* Model */ = {
			isa = PBXGroup;
			children = (
				98D89E531B4594E00058EECB /* DTO */,
				98D89E521B4594D10058EECB /* VO */,
			);
			path = Model;
			sourceTree = "<group>";
		};
		98A90CB61B3C43D8004FB118 /* View */ = {
			isa = PBXGroup;
			children = (
				98A90CBE1B3C44B3004FB118 /* BusStopTableViewCell.swift */,
				980167801B43A1110016721A /* NextBusTableViewCell.swift */,
			);
			path = View;
			sourceTree = "<group>";
		};
		98A90CBB1B3C4417004FB118 /* Util */ = {
			isa = PBXGroup;
			children = (
				980167861B43A46D0016721A /* BusApiHelper.swift */,
				984204B21B612FB700CB2743 /* AppUtilities.swift */,
				985E62481B6FA914007AA967 /* String+Utilities.swift */,
				989A66AD1B7CEF6E00E5CF2C /* NSDate+Comparsion.swift */,
			);
			path = Util;
			sourceTree = "<group>";
		};
		98D89E521B4594D10058EECB /* VO */ = {
			isa = PBXGroup;
			children = (
				98D89E541B4595050058EECB /* BusVo.swift */,
			);
			name = VO;
			sourceTree = "<group>";
		};
		98D89E531B4594E00058EECB /* DTO */ = {
			isa = PBXGroup;
			children = (
				98D89E4A1B4462520058EECB /* BusStop.swift */,
				98D89E441B444E870058EECB /* Bus.swift */,
			);
			name = DTO;
			sourceTree = "<group>";
		};
		ABBB8B3B8C64C94894F9DCC9 /* Pods */ = {
			isa = PBXGroup;
			children = (
				5AF00B660AA34A6A6556520F /* Pods.debug.xcconfig */,
				9276C509A58297E393349A5F /* Pods.release.xcconfig */,
			);
			name = Pods;
			sourceTree = "<group>";
		};
/* End PBXGroup section */

/* Begin PBXNativeTarget section */
		98A90C8E1B3C4377004FB118 /* Bus@NUS */ = {
			isa = PBXNativeTarget;
			buildConfigurationList = 98A90CAE1B3C4378004FB118 /* Build configuration list for PBXNativeTarget "Bus@NUS" */;
			buildPhases = (
				05F7EF138ECF78DB448A0D5B /* Check Pods Manifest.lock */,
				98A90C8B1B3C4377004FB118 /* Sources */,
				98A90C8C1B3C4377004FB118 /* Frameworks */,
				98A90C8D1B3C4377004FB118 /* Resources */,
				0FD3FBAC0784AC8723FD3319 /* Embed Pods Frameworks */,
				F2EA2CC77965B4D627D5273C /* Copy Pods Resources */,
			);
			buildRules = (
			);
			dependencies = (
			);
			name = "Bus@NUS";
			productName = "Bus@NUS";
			productReference = 98A90C8F1B3C4377004FB118 /* Bus@NUS.app */;
			productType = "com.apple.product-type.application";
		};
		98A90CA31B3C4378004FB118 /* Bus@NUSTests */ = {
			isa = PBXNativeTarget;
			buildConfigurationList = 98A90CB11B3C4378004FB118 /* Build configuration list for PBXNativeTarget "Bus@NUSTests" */;
			buildPhases = (
				98A90CA01B3C4378004FB118 /* Sources */,
				98A90CA11B3C4378004FB118 /* Frameworks */,
				98A90CA21B3C4378004FB118 /* Resources */,
			);
			buildRules = (
			);
			dependencies = (
				98A90CA61B3C4378004FB118 /* PBXTargetDependency */,
			);
			name = "Bus@NUSTests";
			productName = "Bus@NUSTests";
			productReference = 98A90CA41B3C4378004FB118 /* Bus@NUSTests.xctest */;
			productType = "com.apple.product-type.bundle.unit-test";
		};
/* End PBXNativeTarget section */

/* Begin PBXProject section */
		98A90C871B3C4377004FB118 /* Project object */ = {
			isa = PBXProject;
			attributes = {
				LastSwiftUpdateCheck = 0700;
				LastUpgradeCheck = 0700;
				ORGANIZATIONNAME = Gisonrg;
				TargetAttributes = {
					98A90C8E1B3C4377004FB118 = {
						CreatedOnToolsVersion = 6.3.2;
						DevelopmentTeam = 4QY7739P4X;
					};
					98A90CA31B3C4378004FB118 = {
						CreatedOnToolsVersion = 6.3.2;
						TestTargetID = 98A90C8E1B3C4377004FB118;
					};
				};
			};
			buildConfigurationList = 98A90C8A1B3C4377004FB118 /* Build configuration list for PBXProject "Bus@NUS" */;
			compatibilityVersion = "Xcode 3.2";
			developmentRegion = English;
			hasScannedForEncodings = 0;
			knownRegions = (
				en,
				Base,
			);
			mainGroup = 98A90C861B3C4377004FB118;
			productRefGroup = 98A90C901B3C4377004FB118 /* Products */;
			projectDirPath = "";
			projectRoot = "";
			targets = (
				98A90C8E1B3C4377004FB118 /* Bus@NUS */,
				98A90CA31B3C4378004FB118 /* Bus@NUSTests */,
			);
		};
/* End PBXProject section */

/* Begin PBXResourcesBuildPhase section */
		98A90C8D1B3C4377004FB118 /* Resources */ = {
			isa = PBXResourcesBuildPhase;
			buildActionMask = 2147483647;
			files = (
				984204B51B61319400CB2743 /* OpenSans-Light.ttf in Resources */,
				984204B11B612E2800CB2743 /* JuliusSansOne-Regular.ttf in Resources */,
				98A90C9A1B3C4378004FB118 /* Main.storyboard in Resources */,
				98A90C9F1B3C4378004FB118 /* LaunchScreen.xib in Resources */,
				98A90C9C1B3C4378004FB118 /* Images.xcassets in Resources */,
				98D89E511B44E3970058EECB /* busSeed.json in Resources */,
			);
			runOnlyForDeploymentPostprocessing = 0;
		};
		98A90CA21B3C4378004FB118 /* Resources */ = {
			isa = PBXResourcesBuildPhase;
			buildActionMask = 2147483647;
			files = (
			);
			runOnlyForDeploymentPostprocessing = 0;
		};
/* End PBXResourcesBuildPhase section */

/* Begin PBXShellScriptBuildPhase section */
		05F7EF138ECF78DB448A0D5B /* Check Pods Manifest.lock */ = {
			isa = PBXShellScriptBuildPhase;
			buildActionMask = 2147483647;
			files = (
			);
			inputPaths = (
			);
			name = "Check Pods Manifest.lock";
			outputPaths = (
			);
			runOnlyForDeploymentPostprocessing = 0;
			shellPath = /bin/sh;
			shellScript = "diff \"${PODS_ROOT}/../Podfile.lock\" \"${PODS_ROOT}/Manifest.lock\" > /dev/null\nif [[ $? != 0 ]] ; then\n    cat << EOM\nerror: The sandbox is not in sync with the Podfile.lock. Run 'pod install' or update your CocoaPods installation.\nEOM\n    exit 1\nfi\n";
			showEnvVarsInLog = 0;
		};
		0FD3FBAC0784AC8723FD3319 /* Embed Pods Frameworks */ = {
			isa = PBXShellScriptBuildPhase;
			buildActionMask = 2147483647;
			files = (
			);
			inputPaths = (
			);
			name = "Embed Pods Frameworks";
			outputPaths = (
			);
			runOnlyForDeploymentPostprocessing = 0;
			shellPath = /bin/sh;
			shellScript = "\"${SRCROOT}/Pods/Target Support Files/Pods/Pods-frameworks.sh\"\n";
			showEnvVarsInLog = 0;
		};
		F2EA2CC77965B4D627D5273C /* Copy Pods Resources */ = {
			isa = PBXShellScriptBuildPhase;
			buildActionMask = 2147483647;
			files = (
			);
			inputPaths = (
			);
			name = "Copy Pods Resources";
			outputPaths = (
			);
			runOnlyForDeploymentPostprocessing = 0;
			shellPath = /bin/sh;
			shellScript = "\"${SRCROOT}/Pods/Target Support Files/Pods/Pods-resources.sh\"\n";
			showEnvVarsInLog = 0;
		};
/* End PBXShellScriptBuildPhase section */

/* Begin PBXSourcesBuildPhase section */
		98A90C8B1B3C4377004FB118 /* Sources */ = {
			isa = PBXSourcesBuildPhase;
			buildActionMask = 2147483647;
			files = (
				98A90CBD1B3C4469004FB118 /* BusExplorerViewController.swift in Sources */,
				980167811B43A1110016721A /* NextBusTableViewCell.swift in Sources */,
				980167831B43A1350016721A /* BusStopDetailViewController.swift in Sources */,
				98D89E451B444E870058EECB /* Bus.swift in Sources */,
				9876F1941B50C93E00DCA1DD /* M13ProgressView.m in Sources */,
				980167871B43A46D0016721A /* BusApiHelper.swift in Sources */,
				98A90CBF1B3C44B3004FB118 /* BusStopTableViewCell.swift in Sources */,
				989A66AE1B7CEF6E00E5CF2C /* NSDate+Comparsion.swift in Sources */,
				98D89E4B1B4462520058EECB /* BusStop.swift in Sources */,
				984204B31B612FB700CB2743 /* AppUtilities.swift in Sources */,
				98D89E431B4448150058EECB /* Bus@NUS.xcdatamodeld in Sources */,
				985E62491B6FA914007AA967 /* String+Utilities.swift in Sources */,
				984204B71B61453000CB2743 /* AboutViewController.swift in Sources */,
				9876F1951B50C93E00DCA1DD /* M13ProgressViewRing.m in Sources */,
				98A90C951B3C4377004FB118 /* AppDelegate.swift in Sources */,
				98D89E551B4595050058EECB /* BusVo.swift in Sources */,
			);
			runOnlyForDeploymentPostprocessing = 0;
		};
		98A90CA01B3C4378004FB118 /* Sources */ = {
			isa = PBXSourcesBuildPhase;
			buildActionMask = 2147483647;
			files = (
				98A90CAB1B3C4378004FB118 /* Bus_NUSTests.swift in Sources */,
			);
			runOnlyForDeploymentPostprocessing = 0;
		};
/* End PBXSourcesBuildPhase section */

/* Begin PBXTargetDependency section */
		98A90CA61B3C4378004FB118 /* PBXTargetDependency */ = {
			isa = PBXTargetDependency;
			target = 98A90C8E1B3C4377004FB118 /* Bus@NUS */;
			targetProxy = 98A90CA51B3C4378004FB118 /* PBXContainerItemProxy */;
		};
/* End PBXTargetDependency section */

/* Begin PBXVariantGroup section */
		98A90C981B3C4378004FB118 /* Main.storyboard */ = {
			isa = PBXVariantGroup;
			children = (
				98A90C991B3C4378004FB118 /* Base */,
			);
			name = Main.storyboard;
			sourceTree = "<group>";
		};
		98A90C9D1B3C4378004FB118 /* LaunchScreen.xib */ = {
			isa = PBXVariantGroup;
			children = (
				98A90C9E1B3C4378004FB118 /* Base */,
			);
			name = LaunchScreen.xib;
			sourceTree = "<group>";
		};
/* End PBXVariantGroup section */

/* Begin XCBuildConfiguration section */
		98A90CAC1B3C4378004FB118 /* Debug */ = {
			isa = XCBuildConfiguration;
			buildSettings = {
				ALWAYS_SEARCH_USER_PATHS = NO;
				CLANG_CXX_LANGUAGE_STANDARD = "gnu++0x";
				CLANG_CXX_LIBRARY = "libc++";
				CLANG_ENABLE_MODULES = YES;
				CLANG_ENABLE_OBJC_ARC = YES;
				CLANG_WARN_BOOL_CONVERSION = YES;
				CLANG_WARN_CONSTANT_CONVERSION = YES;
				CLANG_WARN_DIRECT_OBJC_ISA_USAGE = YES_ERROR;
				CLANG_WARN_EMPTY_BODY = YES;
				CLANG_WARN_ENUM_CONVERSION = YES;
				CLANG_WARN_INT_CONVERSION = YES;
				CLANG_WARN_OBJC_ROOT_CLASS = YES_ERROR;
				CLANG_WARN_UNREACHABLE_CODE = YES;
				CLANG_WARN__DUPLICATE_METHOD_MATCH = YES;
				"CODE_SIGN_IDENTITY[sdk=iphoneos*]" = "iPhone Developer";
				COPY_PHASE_STRIP = NO;
				DEBUG_INFORMATION_FORMAT = "dwarf-with-dsym";
				ENABLE_STRICT_OBJC_MSGSEND = YES;
				ENABLE_TESTABILITY = YES;
				GCC_C_LANGUAGE_STANDARD = gnu99;
				GCC_DYNAMIC_NO_PIC = NO;
				GCC_NO_COMMON_BLOCKS = YES;
				GCC_OPTIMIZATION_LEVEL = 0;
				GCC_PREPROCESSOR_DEFINITIONS = (
					"DEBUG=1",
					"$(inherited)",
				);
				GCC_SYMBOLS_PRIVATE_EXTERN = NO;
				GCC_WARN_64_TO_32_BIT_CONVERSION = YES;
				GCC_WARN_ABOUT_RETURN_TYPE = YES_ERROR;
				GCC_WARN_UNDECLARED_SELECTOR = YES;
				GCC_WARN_UNINITIALIZED_AUTOS = YES_AGGRESSIVE;
				GCC_WARN_UNUSED_FUNCTION = YES;
				GCC_WARN_UNUSED_VARIABLE = YES;
				IPHONEOS_DEPLOYMENT_TARGET = 8.0;
				MTL_ENABLE_DEBUG_INFO = YES;
				ONLY_ACTIVE_ARCH = YES;
				SDKROOT = iphoneos;
				SWIFT_OPTIMIZATION_LEVEL = "-Onone";
			};
			name = Debug;
		};
		98A90CAD1B3C4378004FB118 /* Release */ = {
			isa = XCBuildConfiguration;
			buildSettings = {
				ALWAYS_SEARCH_USER_PATHS = NO;
				CLANG_CXX_LANGUAGE_STANDARD = "gnu++0x";
				CLANG_CXX_LIBRARY = "libc++";
				CLANG_ENABLE_MODULES = YES;
				CLANG_ENABLE_OBJC_ARC = YES;
				CLANG_WARN_BOOL_CONVERSION = YES;
				CLANG_WARN_CONSTANT_CONVERSION = YES;
				CLANG_WARN_DIRECT_OBJC_ISA_USAGE = YES_ERROR;
				CLANG_WARN_EMPTY_BODY = YES;
				CLANG_WARN_ENUM_CONVERSION = YES;
				CLANG_WARN_INT_CONVERSION = YES;
				CLANG_WARN_OBJC_ROOT_CLASS = YES_ERROR;
				CLANG_WARN_UNREACHABLE_CODE = YES;
				CLANG_WARN__DUPLICATE_METHOD_MATCH = YES;
				"CODE_SIGN_IDENTITY[sdk=iphoneos*]" = "iPhone Developer";
				COPY_PHASE_STRIP = NO;
				DEBUG_INFORMATION_FORMAT = "dwarf-with-dsym";
				ENABLE_NS_ASSERTIONS = NO;
				ENABLE_STRICT_OBJC_MSGSEND = YES;
				GCC_C_LANGUAGE_STANDARD = gnu99;
				GCC_NO_COMMON_BLOCKS = YES;
				GCC_WARN_64_TO_32_BIT_CONVERSION = YES;
				GCC_WARN_ABOUT_RETURN_TYPE = YES_ERROR;
				GCC_WARN_UNDECLARED_SELECTOR = YES;
				GCC_WARN_UNINITIALIZED_AUTOS = YES_AGGRESSIVE;
				GCC_WARN_UNUSED_FUNCTION = YES;
				GCC_WARN_UNUSED_VARIABLE = YES;
				IPHONEOS_DEPLOYMENT_TARGET = 8.0;
				MTL_ENABLE_DEBUG_INFO = NO;
				SDKROOT = iphoneos;
				VALIDATE_PRODUCT = YES;
			};
			name = Release;
		};
		98A90CAF1B3C4378004FB118 /* Debug */ = {
			isa = XCBuildConfiguration;
			baseConfigurationReference = 5AF00B660AA34A6A6556520F /* Pods.debug.xcconfig */;
			buildSettings = {
				ASSETCATALOG_COMPILER_APPICON_NAME = AppIcon;
				CLANG_ENABLE_MODULES = YES;
				CODE_SIGN_IDENTITY = "iPhone Developer";
				FRAMEWORK_SEARCH_PATHS = "$(inherited)";
				INFOPLIST_FILE = "Bus@NUS/Info.plist";
				IPHONEOS_DEPLOYMENT_TARGET = 8.0;
				LD_RUNPATH_SEARCH_PATHS = "$(inherited) @executable_path/Frameworks";
				PRODUCT_BUNDLE_IDENTIFIER = "me.gisonrg.$(PRODUCT_NAME:rfc1034identifier)";
				PRODUCT_NAME = "$(TARGET_NAME)";
				SWIFT_OBJC_BRIDGING_HEADER = "Bus@NUS/Bus@NUS-Bridging-Header.h";
				SWIFT_OPTIMIZATION_LEVEL = "-Onone";
			};
			name = Debug;
		};
		98A90CB01B3C4378004FB118 /* Release */ = {
			isa = XCBuildConfiguration;
			baseConfigurationReference = 9276C509A58297E393349A5F /* Pods.release.xcconfig */;
			buildSettings = {
				ASSETCATALOG_COMPILER_APPICON_NAME = AppIcon;
				CLANG_ENABLE_MODULES = YES;
				CODE_SIGN_IDENTITY = "iPhone Developer";
				FRAMEWORK_SEARCH_PATHS = (
					"$(inherited)",
					"$(PROJECT_DIR)/build/Debug-iphoneos/Pods",
				);
				INFOPLIST_FILE = "Bus@NUS/Info.plist";
				IPHONEOS_DEPLOYMENT_TARGET = 8.0;
				LD_RUNPATH_SEARCH_PATHS = "$(inherited) @executable_path/Frameworks";
				PRODUCT_BUNDLE_IDENTIFIER = "me.gisonrg.$(PRODUCT_NAME:rfc1034identifier)";
				PRODUCT_NAME = "$(TARGET_NAME)";
				SWIFT_OBJC_BRIDGING_HEADER = "Bus@NUS/Bus@NUS-Bridging-Header.h";
			};
			name = Release;
		};
		98A90CB21B3C4378004FB118 /* Debug */ = {
			isa = XCBuildConfiguration;
			buildSettings = {
				BUNDLE_LOADER = "$(TEST_HOST)";
				FRAMEWORK_SEARCH_PATHS = "$(inherited)";
				GCC_PREPROCESSOR_DEFINITIONS = (
					"DEBUG=1",
					"$(inherited)",
				);
				INFOPLIST_FILE = "Bus@NUSTests/Info.plist";
				LD_RUNPATH_SEARCH_PATHS = "$(inherited) @executable_path/Frameworks @loader_path/Frameworks";
				PRODUCT_BUNDLE_IDENTIFIER = "me.gisonrg.$(PRODUCT_NAME:rfc1034identifier)";
				PRODUCT_NAME = "$(TARGET_NAME)";
				TEST_HOST = "$(BUILT_PRODUCTS_DIR)/Bus@NUS.app/Bus@NUS";
			};
			name = Debug;
		};
		98A90CB31B3C4378004FB118 /* Release */ = {
			isa = XCBuildConfiguration;
			buildSettings = {
				BUNDLE_LOADER = "$(TEST_HOST)";
				FRAMEWORK_SEARCH_PATHS = "$(inherited)";
				INFOPLIST_FILE = "Bus@NUSTests/Info.plist";
				LD_RUNPATH_SEARCH_PATHS = "$(inherited) @executable_path/Frameworks @loader_path/Frameworks";
				PRODUCT_BUNDLE_IDENTIFIER = "me.gisonrg.$(PRODUCT_NAME:rfc1034identifier)";
				PRODUCT_NAME = "$(TARGET_NAME)";
				TEST_HOST = "$(BUILT_PRODUCTS_DIR)/Bus@NUS.app/Bus@NUS";
			};
			name = Release;
		};
/* End XCBuildConfiguration section */

/* Begin XCConfigurationList section */
		98A90C8A1B3C4377004FB118 /* Build configuration list for PBXProject "Bus@NUS" */ = {
			isa = XCConfigurationList;
			buildConfigurations = (
				98A90CAC1B3C4378004FB118 /* Debug */,
				98A90CAD1B3C4378004FB118 /* Release */,
			);
			defaultConfigurationIsVisible = 0;
			defaultConfigurationName = Release;
		};
		98A90CAE1B3C4378004FB118 /* Build configuration list for PBXNativeTarget "Bus@NUS" */ = {
			isa = XCConfigurationList;
			buildConfigurations = (
				98A90CAF1B3C4378004FB118 /* Debug */,
				98A90CB01B3C4378004FB118 /* Release */,
			);
			defaultConfigurationIsVisible = 0;
			defaultConfigurationName = Release;
		};
		98A90CB11B3C4378004FB118 /* Build configuration list for PBXNativeTarget "Bus@NUSTests" */ = {
			isa = XCConfigurationList;
			buildConfigurations = (
				98A90CB21B3C4378004FB118 /* Debug */,
				98A90CB31B3C4378004FB118 /* Release */,
			);
			defaultConfigurationIsVisible = 0;
			defaultConfigurationName = Release;
		};
/* End XCConfigurationList section */

/* Begin XCVersionGroup section */
		98D89E411B4448150058EECB /* Bus@NUS.xcdatamodeld */ = {
			isa = XCVersionGroup;
			children = (
				98D89E421B4448150058EECB /* Bus@NUS.xcdatamodel */,
			);
			currentVersion = 98D89E421B4448150058EECB /* Bus@NUS.xcdatamodel */;
			path = "Bus@NUS.xcdatamodeld";
			sourceTree = "<group>";
			versionGroupType = wrapper.xcdatamodel;
		};
/* End XCVersionGroup section */
	};
	rootObject = 98A90C871B3C4377004FB118 /* Project object */;
}
